
Microsoft Visual Studio Solution File, Format Version 12.00
# Visual Studio 2013
VisualStudioVersion = 12.0.31101.0
MinimumVisualStudioVersion = 10.0.40219.1
Project("{FAE04EC0-301F-11D3-BF4B-00C04F79EFBC}") = "HelloVs.Droid", "HelloVs\HelloVs.Droid\HelloVs.Droid.csproj", "{208E24FA-5BF4-4838-8972-661CBCFB283C}"
EndProject
Project("{FAE04EC0-301F-11D3-BF4B-00C04F79EFBC}") = "HelloVs.iOS", "HelloVs\HelloVs.iOS\HelloVs.iOS.csproj", "{96E6E766-5314-4190-800F-DA7206D11CFA}"
EndProject
Project("{D954291E-2A0B-460D-934E-DC6B0785DB48}") = "HelloVs", "HelloVs\HelloVs\HelloVs.shproj", "{337431DC-9F2E-4F87-9F07-8BA0F6C4FC4E}"
EndProject
Global
	GlobalSection(SharedMSBuildProjectFiles) = preSolution
		HelloVs\HelloVs\HelloVs.projitems*{208e24fa-5bf4-4838-8972-661cbcfb283c}*SharedItemsImports = 4
		HelloVs\HelloVs\HelloVs.projitems*{96e6e766-5314-4190-800f-da7206d11cfa}*SharedItemsImports = 4
		HelloVs\HelloVs\HelloVs.projitems*{337431dc-9f2e-4f87-9f07-8ba0f6c4fc4e}*SharedItemsImports = 13
	EndGlobalSection
	GlobalSection(SolutionConfigurationPlatforms) = preSolution
		Debug|Any CPU = Debug|Any CPU
		Debug|iPhone = Debug|iPhone
		Debug|iPhoneSimulator = Debug|iPhoneSimulator
		Debug|Mixed Platforms = Debug|Mixed Platforms
		Release|Any CPU = Release|Any CPU
		Release|iPhone = Release|iPhone
		Release|iPhoneSimulator = Release|iPhoneSimulator
		Release|Mixed Platforms = Release|Mixed Platforms
	EndGlobalSection
	GlobalSection(ProjectConfigurationPlatforms) = postSolution
		{208E24FA-5BF4-4838-8972-661CBCFB283C}.Debug|Any CPU.ActiveCfg = Debug|Any CPU
		{208E24FA-5BF4-4838-8972-661CBCFB283C}.Debug|Any CPU.Build.0 = Debug|Any CPU
		{208E24FA-5BF4-4838-8972-661CBCFB283C}.Debug|Any CPU.Deploy.0 = Debug|Any CPU
		{208E24FA-5BF4-4838-8972-661CBCFB283C}.Debug|iPhone.ActiveCfg = Debug|Any CPU
		{208E24FA-5BF4-4838-8972-661CBCFB283C}.Debug|iPhoneSimulator.ActiveCfg = Debug|Any CPU
		{208E24FA-5BF4-4838-8972-661CBCFB283C}.Debug|Mixed Platforms.ActiveCfg = Debug|Any CPU
		{208E24FA-5BF4-4838-8972-661CBCFB283C}.Debug|Mixed Platforms.Build.0 = Debug|Any CPU
		{208E24FA-5BF4-4838-8972-661CBCFB283C}.Debug|Mixed Platforms.Deploy.0 = Debug|Any CPU
		{208E24FA-5BF4-4838-8972-661CBCFB283C}.Release|Any CPU.ActiveCfg = Release|Any CPU
		{208E24FA-5BF4-4838-8972-661CBCFB283C}.Release|Any CPU.Build.0 = Release|Any CPU
		{208E24FA-5BF4-4838-8972-661CBCFB283C}.Release|Any CPU.Deploy.0 = Release|Any CPU
		{208E24FA-5BF4-4838-8972-661CBCFB283C}.Release|iPhone.ActiveCfg = Release|Any CPU
		{208E24FA-5BF4-4838-8972-661CBCFB283C}.Release|iPhoneSimulator.ActiveCfg = Release|Any CPU
		{208E24FA-5BF4-4838-8972-661CBCFB283C}.Release|Mixed Platforms.ActiveCfg = Release|Any CPU
		{208E24FA-5BF4-4838-8972-661CBCFB283C}.Release|Mixed Platforms.Build.0 = Release|Any CPU
		{208E24FA-5BF4-4838-8972-661CBCFB283C}.Release|Mixed Platforms.Deploy.0 = Release|Any CPU
		{96E6E766-5314-4190-800F-DA7206D11CFA}.Debug|Any CPU.ActiveCfg = Debug|iPhone
		{96E6E766-5314-4190-800F-DA7206D11CFA}.Debug|iPhone.ActiveCfg = Debug|iPhone
		{96E6E766-5314-4190-800F-DA7206D11CFA}.Debug|iPhone.Build.0 = Debug|iPhone
		{96E6E766-5314-4190-800F-DA7206D11CFA}.Debug|iPhoneSimulator.ActiveCfg = Debug|iPhoneSimulator
		{96E6E766-5314-4190-800F-DA7206D11CFA}.Debug|iPhoneSimulator.Build.0 = Debug|iPhoneSimulator
		{96E6E766-5314-4190-800F-DA7206D11CFA}.Debug|Mixed Platforms.ActiveCfg = Debug|iPhone
		{96E6E766-5314-4190-800F-DA7206D11CFA}.Debug|Mixed Platforms.Build.0 = Debug|iPhone
		{96E6E766-5314-4190-800F-DA7206D11CFA}.Release|Any CPU.ActiveCfg = Release|iPhone
		{96E6E766-5314-4190-800F-DA7206D11CFA}.Release|iPhone.ActiveCfg = Release|iPhone
		{96E6E766-5314-4190-800F-DA7206D11CFA}.Release|iPhone.Build.0 = Release|iPhone
		{96E6E766-5314-4190-800F-DA7206D11CFA}.Release|iPhoneSimulator.ActiveCfg = Release|iPhoneSimulator
		{96E6E766-5314-4190-800F-DA7206D11CFA}.Release|iPhoneSimulator.Build.0 = Release|iPhoneSimulator
		{96E6E766-5314-4190-800F-DA7206D11CFA}.Release|Mixed Platforms.ActiveCfg = Release|iPhone
		{96E6E766-5314-4190-800F-DA7206D11CFA}.Release|Mixed Platforms.Build.0 = Release|iPhone
	EndGlobalSection
	GlobalSection(SolutionProperties) = preSolution
		HideSolutionNode = FALSE
	EndGlobalSection
EndGlobal
